// !$*UTF8*$!
{
	archiveVersion = 1;
	classes = {
	};
	objectVersion = 77;
	objects = {

/* Begin PBXBuildFile section */
		84A6D0032CAF415000AAED89 /* Card.swift in Sources */ = {isa = PBXBuildFile; fileRef = 84A6D0022CAF415000AAED89 /* Card.swift */; };
		84A6D0052CAF41AC00AAED89 /* ConcentrationGame.swift in Sources */ = {isa = PBXBuildFile; fileRef = 84A6D0042CAF41AC00AAED89 /* ConcentrationGame.swift */; };
/* End PBXBuildFile section */

/* Begin PBXContainerItemProxy section */
		84CD06452CADFE4F00933DD1 /* PBXContainerItemProxy */ = {
			isa = PBXContainerItemProxy;
			containerPortal = 84CD06262CADFE4C00933DD1 /* Project object */;
			proxyType = 1;
			remoteGlobalIDString = 84CD062D2CADFE4C00933DD1;
			remoteInfo = Concentration;
		};
		84CD064F2CADFE4F00933DD1 /* PBXContainerItemProxy */ = {
			isa = PBXContainerItemProxy;
			containerPortal = 84CD06262CADFE4C00933DD1 /* Project object */;
			proxyType = 1;
			remoteGlobalIDString = 84CD062D2CADFE4C00933DD1;
			remoteInfo = Concentration;
		};
/* End PBXContainerItemProxy section */

/* Begin PBXFileReference section */
		84A6D0022CAF415000AAED89 /* Card.swift */ = {isa = PBXFileReference; lastKnownFileType = sourcecode.swift; path = Card.swift; sourceTree = "<group>"; };
		84A6D0042CAF41AC00AAED89 /* ConcentrationGame.swift */ = {isa = PBXFileReference; lastKnownFileType = sourcecode.swift; path = ConcentrationGame.swift; sourceTree = "<group>"; };
		84CD062E2CADFE4C00933DD1 /* Concentration.app */ = {isa = PBXFileReference; explicitFileType = wrapper.application; includeInIndex = 0; path = Concentration.app; sourceTree = BUILT_PRODUCTS_DIR; };
		84CD06442CADFE4F00933DD1 /* ConcentrationTests.xctest */ = {isa = PBXFileReference; explicitFileType = wrapper.cfbundle; includeInIndex = 0; path = ConcentrationTests.xctest; sourceTree = BUILT_PRODUCTS_DIR; };
		84CD064E2CADFE4F00933DD1 /* ConcentrationUITests.xctest */ = {isa = PBXFileReference; explicitFileType = wrapper.cfbundle; includeInIndex = 0; path = ConcentrationUITests.xctest; sourceTree = BUILT_PRODUCTS_DIR; };
/* End PBXFileReference section */

/* Begin PBXFileSystemSynchronizedBuildFileExceptionSet section */
		84CD06562CADFE4F00933DD1 /* Exceptions for "Concentration" folder in "Concentration" target */ = {
			isa = PBXFileSystemSynchronizedBuildFileExceptionSet;
			membershipExceptions = (
				Info.plist,
			);
			target = 84CD062D2CADFE4C00933DD1 /* Concentration */;
		};
/* End PBXFileSystemSynchronizedBuildFileExceptionSet section */

/* Begin PBXFileSystemSynchronizedRootGroup section */
		84CD06302CADFE4C00933DD1 /* Concentration */ = {
			isa = PBXFileSystemSynchronizedRootGroup;
			exceptions = (
				84CD06562CADFE4F00933DD1 /* Exceptions for "Concentration" folder in "Concentration" target */,
			);
			path = Concentration;
			sourceTree = "<group>";
		};
		84CD06472CADFE4F00933DD1 /* ConcentrationTests */ = {
			isa = PBXFileSystemSynchronizedRootGroup;
			path = ConcentrationTests;
			sourceTree = "<group>";
		};
		84CD06512CADFE4F00933DD1 /* ConcentrationUITests */ = {
			isa = PBXFileSystemSynchronizedRootGroup;
			path = ConcentrationUITests;
			sourceTree = "<group>";
		};
/* End PBXFileSystemSynchronizedRootGroup section */

/* Begin PBXFrameworksBuildPhase section */
		84CD062B2CADFE4C00933DD1 /* Frameworks */ = {
			isa = PBXFrameworksBuildPhase;
			buildActionMask = 2147483647;
			files = (
			);
			runOnlyForDeploymentPostprocessing = 0;
		};
		84CD06412CADFE4F00933DD1 /* Frameworks */ = {
			isa = PBXFrameworksBuildPhase;
			buildActionMask = 2147483647;
			files = (
			);
			runOnlyForDeploymentPostprocessing = 0;
		};
		84CD064B2CADFE4F00933DD1 /* Frameworks */ = {
			isa = PBXFrameworksBuildPhase;
			buildActionMask = 2147483647;
			files = (
			);
			runOnlyForDeploymentPostprocessing = 0;
		};
/* End PBXFrameworksBuildPhase section */

/* Begin PBXGroup section */
		84CD06252CADFE4C00933DD1 = {
			isa = PBXGroup;
			children = (
				84A6D0042CAF41AC00AAED89 /* ConcentrationGame.swift */,
				84A6D0022CAF415000AAED89 /* Card.swift */,
				84CD06302CADFE4C00933DD1 /* Concentration */,
				84CD06472CADFE4F00933DD1 /* ConcentrationTests */,
				84CD06512CADFE4F00933DD1 /* ConcentrationUITests */,
				84CD062F2CADFE4C00933DD1 /* Products */,
			);
			sourceTree = "<group>";
		};
		84CD062F2CADFE4C00933DD1 /* Products */ = {
			isa = PBXGroup;
			children = (
				84CD062E2CADFE4C00933DD1 /* Concentration.app */,
				84CD06442CADFE4F00933DD1 /* ConcentrationTests.xctest */,
				84CD064E2CADFE4F00933DD1 /* ConcentrationUITests.xctest */,
			);
			name = Products;
			sourceTree = "<group>";
		};
/* End PBXGroup section */

/* Begin PBXNativeTarget section */
		84CD062D2CADFE4C00933DD1 /* Concentration */ = {
			isa = PBXNativeTarget;
			buildConfigurationList = 84CD06572CADFE4F00933DD1 /* Build configuration list for PBXNativeTarget "Concentration" */;
			buildPhases = (
				84CD062A2CADFE4C00933DD1 /* Sources */,
				84CD062B2CADFE4C00933DD1 /* Frameworks */,
				84CD062C2CADFE4C00933DD1 /* Resources */,
			);
			buildRules = (
			);
			dependencies = (
			);
			fileSystemSynchronizedGroups = (
				84CD06302CADFE4C00933DD1 /* Concentration */,
			);
			name = Concentration;
			packageProductDependencies = (
			);
			productName = Concentration;
			productReference = 84CD062E2CADFE4C00933DD1 /* Concentration.app */;
			productType = "com.apple.product-type.application";
		};
		84CD06432CADFE4F00933DD1 /* ConcentrationTests */ = {
			isa = PBXNativeTarget;
			buildConfigurationList = 84CD065C2CADFE4F00933DD1 /* Build configuration list for PBXNativeTarget "ConcentrationTests" */;
			buildPhases = (
				84CD06402CADFE4F00933DD1 /* Sources */,
				84CD06412CADFE4F00933DD1 /* Frameworks */,
				84CD06422CADFE4F00933DD1 /* Resources */,
			);
			buildRules = (
			);
			dependencies = (
				84CD06462CADFE4F00933DD1 /* PBXTargetDependency */,
			);
			fileSystemSynchronizedGroups = (
				84CD06472CADFE4F00933DD1 /* ConcentrationTests */,
			);
			name = ConcentrationTests;
			packageProductDependencies = (
			);
			productName = ConcentrationTests;
			productReference = 84CD06442CADFE4F00933DD1 /* ConcentrationTests.xctest */;
			productType = "com.apple.product-type.bundle.unit-test";
		};
		84CD064D2CADFE4F00933DD1 /* ConcentrationUITests */ = {
			isa = PBXNativeTarget;
			buildConfigurationList = 84CD065F2CADFE4F00933DD1 /* Build configuration list for PBXNativeTarget "ConcentrationUITests" */;
			buildPhases = (
				84CD064A2CADFE4F00933DD1 /* Sources */,
				84CD064B2CADFE4F00933DD1 /* Frameworks */,
				84CD064C2CADFE4F00933DD1 /* Resources */,
			);
			buildRules = (
			);
			dependencies = (
				84CD06502CADFE4F00933DD1 /* PBXTargetDependency */,
			);
			fileSystemSynchronizedGroups = (
				84CD06512CADFE4F00933DD1 /* ConcentrationUITests */,
			);
			name = ConcentrationUITests;
			packageProductDependencies = (
			);
			productName = ConcentrationUITests;
			productReference = 84CD064E2CADFE4F00933DD1 /* ConcentrationUITests.xctest */;
			productType = "com.apple.product-type.bundle.ui-testing";
		};
/* End PBXNativeTarget section */

/* Begin PBXProject section */
		84CD06262CADFE4C00933DD1 /* Project object */ = {
			isa = PBXProject;
			attributes = {
				BuildIndependentTargetsInParallel = 1;
				LastSwiftUpdateCheck = 1600;
				LastUpgradeCheck = 1600;
				TargetAttributes = {
					84CD062D2CADFE4C00933DD1 = {
						CreatedOnToolsVersion = 16.0;
					};
					84CD06432CADFE4F00933DD1 = {
						CreatedOnToolsVersion = 16.0;
						TestTargetID = 84CD062D2CADFE4C00933DD1;
					};
					84CD064D2CADFE4F00933DD1 = {
						CreatedOnToolsVersion = 16.0;
						TestTargetID = 84CD062D2CADFE4C00933DD1;
					};
				};
			};
			buildConfigurationList = 84CD06292CADFE4C00933DD1 /* Build configuration list for PBXProject "Concentration" */;
			developmentRegion = en;
			hasScannedForEncodings = 0;
			knownRegions = (
				en,
				Base,
			);
			mainGroup = 84CD06252CADFE4C00933DD1;
			minimizedProjectReferenceProxies = 1;
			preferredProjectObjectVersion = 77;
			productRefGroup = 84CD062F2CADFE4C00933DD1 /* Products */;
			projectDirPath = "";
			projectRoot = "";
			targets = (
				84CD062D2CADFE4C00933DD1 /* Concentration */,
				84CD06432CADFE4F00933DD1 /* ConcentrationTests */,
				84CD064D2CADFE4F00933DD1 /* ConcentrationUITests */,
			);
		};
/* End PBXProject section */

/* Begin PBXResourcesBuildPhase section */
		84CD062C2CADFE4C00933DD1 /* Resources */ = {
			isa = PBXResourcesBuildPhase;
			buildActionMask = 2147483647;
			files = (
			);
			runOnlyForDeploymentPostprocessing = 0;
		};
		84CD06422CADFE4F00933DD1 /* Resources */ = {
			isa = PBXResourcesBuildPhase;
			buildActionMask = 2147483647;
			files = (
			);
			runOnlyForDeploymentPostprocessing = 0;
		};
		84CD064C2CADFE4F00933DD1 /* Resources */ = {
			isa = PBXResourcesBuildPhase;
			buildActionMask = 2147483647;
			files = (
			);
			runOnlyForDeploymentPostprocessing = 0;
		};
/* End PBXResourcesBuildPhase section */

/* Begin PBXSourcesBuildPhase section */
		84CD062A2CADFE4C00933DD1 /* Sources */ = {
			isa = PBXSourcesBuildPhase;
			buildActionMask = 2147483647;
			files = (
				84A6D0052CAF41AC00AAED89 /* ConcentrationGame.swift in Sources */,
				84A6D0032CAF415000AAED89 /* Card.swift in Sources */,
			);
			runOnlyForDeploymentPostprocessing = 0;
		};
		84CD06402CADFE4F00933DD1 /* Sources */ = {
			isa = PBXSourcesBuildPhase;
			buildActionMask = 2147483647;
			files = (
			);
			runOnlyForDeploymentPostprocessing = 0;
		};
		84CD064A2CADFE4F00933DD1 /* Sources */ = {
			isa = PBXSourcesBuildPhase;
			buildActionMask = 2147483647;
			files = (
			);
			runOnlyForDeploymentPostprocessing = 0;
		};
/* End PBXSourcesBuildPhase section */

/* Begin PBXTargetDependency section */
		84CD06462CADFE4F00933DD1 /* PBXTargetDependency */ = {
			isa = PBXTargetDependency;
			target = 84CD062D2CADFE4C00933DD1 /* Concentration */;
			targetProxy = 84CD06452CADFE4F00933DD1 /* PBXContainerItemProxy */;
		};
		84CD06502CADFE4F00933DD1 /* PBXTargetDependency */ = {
			isa = PBXTargetDependency;
			target = 84CD062D2CADFE4C00933DD1 /* Concentration */;
			targetProxy = 84CD064F2CADFE4F00933DD1 /* PBXContainerItemProxy */;
		};
/* End PBXTargetDependency section */

/* Begin XCBuildConfiguration section */
		84CD06582CADFE4F00933DD1 /* Debug */ = {
			isa = XCBuildConfiguration;
			buildSettings = {
				ASSETCATALOG_COMPILER_APPICON_NAME = "AppIcon 1";
				ASSETCATALOG_COMPILER_GLOBAL_ACCENT_COLOR_NAME = AccentColor;
				ASSETCATALOG_COMPILER_INCLUDE_ALL_APPICON_ASSETS = YES;
				CODE_SIGN_STYLE = Automatic;
				CURRENT_PROJECT_VERSION = 1;
				DEVELOPMENT_TEAM = 2DGV6S4P4A;
				GENERATE_INFOPLIST_FILE = YES;
				INFOPLIST_FILE = Concentration/Info.plist;
				INFOPLIST_KEY_LSApplicationCategoryType = "public.app-category.games";
				INFOPLIST_KEY_UIApplicationSupportsIndirectInputEvents = YES;
				INFOPLIST_KEY_UILaunchStoryboardName = LaunchScreen;
				INFOPLIST_KEY_UIMainStoryboardFile = Main;
				INFOPLIST_KEY_UISupportedInterfaceOrientations = "UIInterfaceOrientationLandscapeLeft UIInterfaceOrientationLandscapeRight UIInterfaceOrientationPortrait UIInterfaceOrientationPortraitUpsideDown";
				IPHONEOS_DEPLOYMENT_TARGET = 17.6;
				LD_RUNPATH_SEARCH_PATHS = (
					"$(inherited)",
					"@executable_path/Frameworks",
				);
				MARKETING_VERSION = 1.0;
				PRODUCT_BUNDLE_IDENTIFIER = CKuB.Concentration;
				PRODUCT_NAME = "$(TARGET_NAME)";
				SWIFT_EMIT_LOC_STRINGS = YES;
				SWIFT_VERSION = 5.0;
				TARGETED_DEVICE_FAMILY = "1,2";
			};
			name = Debug;
		};
		84CD06592CADFE4F00933DD1 /* Release */ = {
			isa = XCBuildConfiguration;
			buildSettings = {
				ASSETCATALOG_COMPILER_APPICON_NAME = "AppIcon 1";
				ASSETCATALOG_COMPILER_GLOBAL_ACCENT_COLOR_NAME = AccentColor;
				ASSETCATALOG_COMPILER_INCLUDE_ALL_APPICON_ASSETS = YES;
				CODE_SIGN_STYLE = Automatic;
				CURRENT_PROJECT_VERSION = 1;
				DEVELOPMENT_TEAM = 2DGV6S4P4A;
				GENERATE_INFOPLIST_FILE = YES;
				INFOPLIST_FILE = Concentration/Info.plist;
				INFOPLIST_KEY_LSApplicationCategoryType = "public.app-category.games";
				INFOPLIST_KEY_UIApplicationSupportsIndirectInputEvents = YES;
				INFOPLIST_KEY_UILaunchStoryboardName = LaunchScreen;
				INFOPLIST_KEY_UIMainStoryboardFile = Main;
				INFOPLIST_KEY_UISupportedInterfaceOrientations = "UIInterfaceOrientationLandscapeLeft UIInterfaceOrientationLandscapeRight UIInterfaceOrientationPortrait UIInterfaceOrientationPortraitUpsideDown";
				IPHONEOS_DEPLOYMENT_TARGET = 17.6;
				LD_RUNPATH_SEARCH_PATHS = (
					"$(inherited)",
					"@executable_path/Frameworks",
				);
				MARKETING_VERSION = 1.0;
				PRODUCT_BUNDLE_IDENTIFIER = CKuB.Concentration;
				PRODUCT_NAME = "$(TARGET_NAME)";
				SWIFT_EMIT_LOC_STRINGS = YES;
				SWIFT_VERSION = 5.0;
				TARGETED_DEVICE_FAMILY = "1,2";
			};
			name = Release;
		};
		84CD065A2CADFE4F00933DD1 /* Debug */ = {
			isa = XCBuildConfiguration;
			buildSettings = {
				ALWAYS_SEARCH_USER_PATHS = NO;
				ASSETCATALOG_COMPILER_GENERATE_SWIFT_ASSET_SYMBOL_EXTENSIONS = YES;
				CLANG_ANALYZER_NONNULL = YES;
				CLANG_ANALYZER_NUMBER_OBJECT_CONVERSION = YES_AGGRESSIVE;
				CLANG_CXX_LANGUAGE_STANDARD = "gnu++20";
				CLANG_ENABLE_MODULES = YES;
				CLANG_ENABLE_OBJC_ARC = YES;
				CLANG_ENABLE_OBJC_WEAK = YES;
				CLANG_WARN_BLOCK_CAPTURE_AUTORELEASING = YES;
				CLANG_WARN_BOOL_CONVERSION = YES;
				CLANG_WARN_COMMA = YES;
				CLANG_WARN_CONSTANT_CONVERSION = YES;
				CLANG_WARN_DEPRECATED_OBJC_IMPLEMENTATIONS = YES;
				CLANG_WARN_DIRECT_OBJC_ISA_USAGE = YES_ERROR;
				CLANG_WARN_DOCUMENTATION_COMMENTS = YES;
				CLANG_WARN_EMPTY_BODY = YES;
				CLANG_WARN_ENUM_CONVERSION = YES;
				CLANG_WARN_INFINITE_RECURSION = YES;
				CLANG_WARN_INT_CONVERSION = YES;
				CLANG_WARN_NON_LITERAL_NULL_CONVERSION = YES;
				CLANG_WARN_OBJC_IMPLICIT_RETAIN_SELF = YES;
				CLANG_WARN_OBJC_LITERAL_CONVERSION = YES;
				CLANG_WARN_OBJC_ROOT_CLASS = YES_ERROR;
				CLANG_WARN_QUOTED_INCLUDE_IN_FRAMEWORK_HEADER = YES;
				CLANG_WARN_RANGE_LOOP_ANALYSIS = YES;
				CLANG_WARN_STRICT_PROTOTYPES = YES;
				CLANG_WARN_SUSPICIOUS_MOVE = YES;
				CLANG_WARN_UNGUARDED_AVAILABILITY = YES_AGGRESSIVE;
				CLANG_WARN_UNREACHABLE_CODE = YES;
				CLANG_WARN__DUPLICATE_METHOD_MATCH = YES;
				COPY_PHASE_STRIP = NO;
				DEBUG_INFORMATION_FORMAT = dwarf;
				ENABLE_STRICT_OBJC_MSGSEND = YES;
				ENABLE_TESTABILITY = YES;
				ENABLE_USER_SCRIPT_SANDBOXING = YES;
				GCC_C_LANGUAGE_STANDARD = gnu17;
				GCC_DYNAMIC_NO_PIC = NO;
				GCC_NO_COMMON_BLOCKS = YES;
				GCC_OPTIMIZATION_LEVEL = 0;
				GCC_PREPROCESSOR_DEFINITIONS = (
					"DEBUG=1",
					"$(inherited)",
				);
				GCC_WARN_64_TO_32_BIT_CONVERSION = YES;
				GCC_WARN_ABOUT_RETURN_TYPE = YES_ERROR;
				GCC_WARN_UNDECLARED_SELECTOR = YES;
				GCC_WARN_UNINITIALIZED_AUTOS = YES_AGGRESSIVE;
				GCC_WARN_UNUSED_FUNCTION = YES;
				GCC_WARN_UNUSED_VARIABLE = YES;
				IPHONEOS_DEPLOYMENT_TARGET = 17.6;
				LOCALIZATION_PREFERS_STRING_CATALOGS = YES;
				MTL_ENABLE_DEBUG_INFO = INCLUDE_SOURCE;
				MTL_FAST_MATH = YES;
				ONLY_ACTIVE_ARCH = YES;
				SDKROOT = iphoneos;
				SWIFT_ACTIVE_COMPILATION_CONDITIONS = "DEBUG $(inherited)";
				SWIFT_OPTIMIZATION_LEVEL = "-Onone";
			};
			name = Debug;
		};
		84CD065B2CADFE4F00933DD1 /* Release */ = {
			isa = XCBuildConfiguration;
			buildSettings = {
				ALWAYS_SEARCH_USER_PATHS = NO;
				ASSETCATALOG_COMPILER_GENERATE_SWIFT_ASSET_SYMBOL_EXTENSIONS = YES;
				CLANG_ANALYZER_NONNULL = YES;
				CLANG_ANALYZER_NUMBER_OBJECT_CONVERSION = YES_AGGRESSIVE;
				CLANG_CXX_LANGUAGE_STANDARD = "gnu++20";
				CLANG_ENABLE_MODULES = YES;
				CLANG_ENABLE_OBJC_ARC = YES;
				CLANG_ENABLE_OBJC_WEAK = YES;
				CLANG_WARN_BLOCK_CAPTURE_AUTORELEASING = YES;
				CLANG_WARN_BOOL_CONVERSION = YES;
				CLANG_WARN_COMMA = YES;
				CLANG_WARN_CONSTANT_CONVERSION = YES;
				CLANG_WARN_DEPRECATED_OBJC_IMPLEMENTATIONS = YES;
				CLANG_WARN_DIRECT_OBJC_ISA_USAGE = YES_ERROR;
				CLANG_WARN_DOCUMENTATION_COMMENTS = YES;
				CLANG_WARN_EMPTY_BODY = YES;
				CLANG_WARN_ENUM_CONVERSION = YES;
				CLANG_WARN_INFINITE_RECURSION = YES;
				CLANG_WARN_INT_CONVERSION = YES;
				CLANG_WARN_NON_LITERAL_NULL_CONVERSION = YES;
				CLANG_WARN_OBJC_IMPLICIT_RETAIN_SELF = YES;
				CLANG_WARN_OBJC_LITERAL_CONVERSION = YES;
				CLANG_WARN_OBJC_ROOT_CLASS = YES_ERROR;
				CLANG_WARN_QUOTED_INCLUDE_IN_FRAMEWORK_HEADER = YES;
				CLANG_WARN_RANGE_LOOP_ANALYSIS = YES;
				CLANG_WARN_STRICT_PROTOTYPES = YES;
				CLANG_WARN_SUSPICIOUS_MOVE = YES;
				CLANG_WARN_UNGUARDED_AVAILABILITY = YES_AGGRESSIVE;
				CLANG_WARN_UNREACHABLE_CODE = YES;
				CLANG_WARN__DUPLICATE_METHOD_MATCH = YES;
				COPY_PHASE_STRIP = NO;
				DEBUG_INFORMATION_FORMAT = "dwarf-with-dsym";
				ENABLE_NS_ASSERTIONS = NO;
				ENABLE_STRICT_OBJC_MSGSEND = YES;
				ENABLE_USER_SCRIPT_SANDBOXING = YES;
				GCC_C_LANGUAGE_STANDARD = gnu17;
				GCC_NO_COMMON_BLOCKS = YES;
				GCC_WARN_64_TO_32_BIT_CONVERSION = YES;
				GCC_WARN_ABOUT_RETURN_TYPE = YES_ERROR;
				GCC_WARN_UNDECLARED_SELECTOR = YES;
				GCC_WARN_UNINITIALIZED_AUTOS = YES_AGGRESSIVE;
				GCC_WARN_UNUSED_FUNCTION = YES;
				GCC_WARN_UNUSED_VARIABLE = YES;
				IPHONEOS_DEPLOYMENT_TARGET = 17.6;
				LOCALIZATION_PREFERS_STRING_CATALOGS = YES;
				MTL_ENABLE_DEBUG_INFO = NO;
				MTL_FAST_MATH = YES;
				SDKROOT = iphoneos;
				SWIFT_COMPILATION_MODE = wholemodule;
				VALIDATE_PRODUCT = YES;
			};
			name = Release;
		};
		84CD065D2CADFE4F00933DD1 /* Debug */ = {
			isa = XCBuildConfiguration;
			buildSettings = {
				BUNDLE_LOADER = "$(TEST_HOST)";
				CODE_SIGN_STYLE = Automatic;
				CURRENT_PROJECT_VERSION = 1;
				DEVELOPMENT_TEAM = 2DGV6S4P4A;
				GENERATE_INFOPLIST_FILE = YES;
				IPHONEOS_DEPLOYMENT_TARGET = 18.0;
				MARKETING_VERSION = 1.0;
				PRODUCT_BUNDLE_IDENTIFIER = CKuB.ConcentrationTests;
				PRODUCT_NAME = "$(TARGET_NAME)";
				SWIFT_EMIT_LOC_STRINGS = NO;
				SWIFT_VERSION = 5.0;
				TARGETED_DEVICE_FAMILY = "1,2";
				TEST_HOST = "$(BUILT_PRODUCTS_DIR)/Concentration.app/$(BUNDLE_EXECUTABLE_FOLDER_PATH)/Concentration";
			};
			name = Debug;
		};
		84CD065E2CADFE4F00933DD1 /* Release */ = {
			isa = XCBuildConfiguration;
			buildSettings = {
				BUNDLE_LOADER = "$(TEST_HOST)";
				CODE_SIGN_STYLE = Automatic;
				CURRENT_PROJECT_VERSION = 1;
				DEVELOPMENT_TEAM = 2DGV6S4P4A;
				GENERATE_INFOPLIST_FILE = YES;
				IPHONEOS_DEPLOYMENT_TARGET = 18.0;
				MARKETING_VERSION = 1.0;
				PRODUCT_BUNDLE_IDENTIFIER = CKuB.ConcentrationTests;
				PRODUCT_NAME = "$(TARGET_NAME)";
				SWIFT_EMIT_LOC_STRINGS = NO;
				SWIFT_VERSION = 5.0;
				TARGETED_DEVICE_FAMILY = "1,2";
				TEST_HOST = "$(BUILT_PRODUCTS_DIR)/Concentration.app/$(BUNDLE_EXECUTABLE_FOLDER_PATH)/Concentration";
			};
			name = Release;
		};
		84CD06602CADFE4F00933DD1 /* Debug */ = {
			isa = XCBuildConfiguration;
			buildSettings = {
				CODE_SIGN_STYLE = Automatic;
				CURRENT_PROJECT_VERSION = 1;
				DEVELOPMENT_TEAM = 2DGV6S4P4A;
				GENERATE_INFOPLIST_FILE = YES;
				MARKETING_VERSION = 1.0;
				PRODUCT_BUNDLE_IDENTIFIER = CKuB.ConcentrationUITests;
				PRODUCT_NAME = "$(TARGET_NAME)";
				SWIFT_EMIT_LOC_STRINGS = NO;
				SWIFT_VERSION = 5.0;
				TARGETED_DEVICE_FAMILY = "1,2";
				TEST_TARGET_NAME = Concentration;
			};
			name = Debug;
		};
		84CD06612CADFE4F00933DD1 /* Release */ = {
			isa = XCBuildConfiguration;
			buildSettings = {
				CODE_SIGN_STYLE = Automatic;
				CURRENT_PROJECT_VERSION = 1;
				DEVELOPMENT_TEAM = 2DGV6S4P4A;
				GENERATE_INFOPLIST_FILE = YES;
				MARKETING_VERSION = 1.0;
				PRODUCT_BUNDLE_IDENTIFIER = CKuB.ConcentrationUITests;
				PRODUCT_NAME = "$(TARGET_NAME)";
				SWIFT_EMIT_LOC_STRINGS = NO;
				SWIFT_VERSION = 5.0;
				TARGETED_DEVICE_FAMILY = "1,2";
				TEST_TARGET_NAME = Concentration;
			};
			name = Release;
		};
/* End XCBuildConfiguration section */

/* Begin XCConfigurationList section */
		84CD06292CADFE4C00933DD1 /* Build configuration list for PBXProject "Concentration" */ = {
			isa = XCConfigurationList;
			buildConfigurations = (
				84CD065A2CADFE4F00933DD1 /* Debug */,
				84CD065B2CADFE4F00933DD1 /* Release */,
			);
			defaultConfigurationIsVisible = 0;
			defaultConfigurationName = Release;
		};
		84CD06572CADFE4F00933DD1 /* Build configuration list for PBXNativeTarget "Concentration" */ = {
			isa = XCConfigurationList;
			buildConfigurations = (
				84CD06582CADFE4F00933DD1 /* Debug */,
				84CD06592CADFE4F00933DD1 /* Release */,
			);
			defaultConfigurationIsVisible = 0;
			defaultConfigurationName = Release;
		};
		84CD065C2CADFE4F00933DD1 /* Build configuration list for PBXNativeTarget "ConcentrationTests" */ = {
			isa = XCConfigurationList;
			buildConfigurations = (
				84CD065D2CADFE4F00933DD1 /* Debug */,
				84CD065E2CADFE4F00933DD1 /* Release */,
			);
			defaultConfigurationIsVisible = 0;
			defaultConfigurationName = Release;
		};
		84CD065F2CADFE4F00933DD1 /* Build configuration list for PBXNativeTarget "ConcentrationUITests" */ = {
			isa = XCConfigurationList;
			buildConfigurations = (
				84CD06602CADFE4F00933DD1 /* Debug */,
				84CD06612CADFE4F00933DD1 /* Release */,
			);
			defaultConfigurationIsVisible = 0;
			defaultConfigurationName = Release;
		};
/* End XCConfigurationList section */
	};
	rootObject = 84CD06262CADFE4C00933DD1 /* Project object */;
}
